
Microsoft Visual Studio Solution File, Format Version 12.00
# Visual Studio Version 17
VisualStudioVersion = 17.9.34622.214
MinimumVisualStudioVersion = 10.0.40219.1
Project("{FAE04EC0-301F-11D3-BF4B-00C04F79EFBC}") = "logic_layer", "logic_layer\logic_layer.csproj", "{A9BA81D7-0948-43F7-AD76-B08B3AEBCF87}"
EndProject
Project("{FAE04EC0-301F-11D3-BF4B-00C04F79EFBC}") = "data_layer", "data_layer\data_layer.csproj", "{64CA8C2E-11D3-4C8A-B38E-120AC8347A77}"
EndProject
Project("{9A19103F-16F7-4668-BE54-9A1E7A4F7556}") = "presentation_layer", "presentation_layer\presentation_layer.csproj", "{1B9AC4CD-9C09-4E9E-B4BB-4A73B2E2F18D}"
EndProject
Global
	GlobalSection(SolutionConfigurationPlatforms) = preSolution
		Debug|Any CPU = Debug|Any CPU
		Release|Any CPU = Release|Any CPU
	EndGlobalSection
	GlobalSection(ProjectConfigurationPlatforms) = postSolution
		{A9BA81D7-0948-43F7-AD76-B08B3AEBCF87}.Debug|Any CPU.ActiveCfg = Debug|Any CPU
		{A9BA81D7-0948-43F7-AD76-B08B3AEBCF87}.Debug|Any CPU.Build.0 = Debug|Any CPU
		{A9BA81D7-0948-43F7-AD76-B08B3AEBCF87}.Release|Any CPU.ActiveCfg = Release|Any CPU
		{A9BA81D7-0948-43F7-AD76-B08B3AEBCF87}.Release|Any CPU.Build.0 = Release|Any CPU
		{64CA8C2E-11D3-4C8A-B38E-120AC8347A77}.Debug|Any CPU.ActiveCfg = Debug|Any CPU
		{64CA8C2E-11D3-4C8A-B38E-120AC8347A77}.Debug|Any CPU.Build.0 = Debug|Any CPU
		{64CA8C2E-11D3-4C8A-B38E-120AC8347A77}.Release|Any CPU.ActiveCfg = Release|Any CPU
		{64CA8C2E-11D3-4C8A-B38E-120AC8347A77}.Release|Any CPU.Build.0 = Release|Any CPU
		{1B9AC4CD-9C09-4E9E-B4BB-4A73B2E2F18D}.Debug|Any CPU.ActiveCfg = Debug|Any CPU
		{1B9AC4CD-9C09-4E9E-B4BB-4A73B2E2F18D}.Debug|Any CPU.Build.0 = Debug|Any CPU
		{1B9AC4CD-9C09-4E9E-B4BB-4A73B2E2F18D}.Release|Any CPU.ActiveCfg = Release|Any CPU
		{1B9AC4CD-9C09-4E9E-B4BB-4A73B2E2F18D}.Release|Any CPU.Build.0 = Release|Any CPU
	EndGlobalSection
	GlobalSection(SolutionProperties) = preSolution
		HideSolutionNode = FALSE
	EndGlobalSection
	GlobalSection(ExtensibilityGlobals) = postSolution
		SolutionGuid = {79E5A8D0-6748-43A6-B313-D0CE915CBC51}
	EndGlobalSection
EndGlobal
